
Microsoft Visual Studio Solution File, Format Version 12.00
# Visual Studio Version 17
VisualStudioVersion = 17.7.34031.279
MinimumVisualStudioVersion = 10.0.40219.1
Project("{FAE04EC0-301F-11D3-BF4B-00C04F79EFBC}") = "example", "example.csproj", "{63351FF3-BD20-4538-A0CE-A4501D477481}"
EndProject
Project("{9A19103F-16F7-4668-BE54-9A1E7A4F7556}") = "RazorMrzLibrary", "..\RazorMrzLibrary\RazorMrzLibrary.csproj", "{AF4A2641-61CA-40CE-8299-9717E0A71E24}"
EndProject
Global
	GlobalSection(SolutionConfigurationPlatforms) = preSolution
		Debug|Any CPU = Debug|Any CPU
		Release|Any CPU = Release|Any CPU
	EndGlobalSection
	GlobalSection(ProjectConfigurationPlatforms) = postSolution
		{63351FF3-BD20-4538-A0CE-A4501D477481}.Debug|Any CPU.ActiveCfg = Debug|Any CPU
		{63351FF3-BD20-4538-A0CE-A4501D477481}.Debug|Any CPU.Build.0 = Debug|Any CPU
		{63351FF3-BD20-4538-A0CE-A4501D477481}.Release|Any CPU.ActiveCfg = Release|Any CPU
		{63351FF3-BD20-4538-A0CE-A4501D477481}.Release|Any CPU.Build.0 = Release|Any CPU
		{AF4A2641-61CA-40CE-8299-9717E0A71E24}.Debug|Any CPU.ActiveCfg = Debug|Any CPU
		{AF4A2641-61CA-40CE-8299-9717E0A71E24}.Debug|Any CPU.Build.0 = Debug|Any CPU
		{AF4A2641-61CA-40CE-8299-9717E0A71E24}.Release|Any CPU.ActiveCfg = Release|Any CPU
		{AF4A2641-61CA-40CE-8299-9717E0A71E24}.Release|Any CPU.Build.0 = Release|Any CPU
	EndGlobalSection
	GlobalSection(SolutionProperties) = preSolution
		HideSolutionNode = FALSE
	EndGlobalSection
	GlobalSection(ExtensibilityGlobals) = postSolution
		SolutionGuid = {0F159259-76B4-497B-8241-2416F6D476E6}
	EndGlobalSection
EndGlobal
